{
  "nodes": {
    "nixos-24-05": {
      "locked": {
        "lastModified": 1721548954,
        "narHash": "sha256-7cCC8+Tdq1+3OPyc3+gVo9dzUNkNIQfwSDJ2HSi2u3o=",
        "owner": "nixos",
        "repo": "nixpkgs",
        "rev": "63d37ccd2d178d54e7fb691d7ec76000740ea24a",
        "type": "github"
      },
      "original": {
        "owner": "nixos",
        "ref": "nixos-24.05",
        "repo": "nixpkgs",
        "type": "github"
      }
    },
    "nixpkgs": {
      "locked": {
        "lastModified": 1721622093,
        "narHash": "sha256-iQ+quy3A1EKeFyLyAtjhgSvZHH7r+xybXZkxMhasN4I=",
        "owner": "nixos",
        "repo": "nixpkgs",
        "rev": "453402b94f39f968a7c27df28e060f69e4a50c3b",
        "type": "github"
      },
      "original": {
        "owner": "nixos",
        "ref": "nixpkgs-unstable",
        "repo": "nixpkgs",
        "type": "github"
      }
    },
    "root": {
      "inputs": {
        "nixos-24-05": "nixos-24-05",
        "nixpkgs": "nixpkgs"
      }
    }
  },
  "root": "root",
  "version": 7
}
