{
  "nodes": {
    "nixos-24-05": {
      "locked": {
        "lastModified": 1730963269,
        "narHash": "sha256-rz30HrFYCHiWEBCKHMffHbMdWJ35hEkcRVU0h7ms3x0=",
        "owner": "nixos",
        "repo": "nixpkgs",
        "rev": "83fb6c028368e465cd19bb127b86f971a5e41ebc",
        "type": "github"
      },
      "original": {
        "owner": "nixos",
        "ref": "nixos-24.05",
        "repo": "nixpkgs",
        "type": "github"
      }
    },
    "nixpkgs": {
      "locked": {
        "lastModified": 1730958623,
        "narHash": "sha256-JwQZIGSYnRNOgDDoIgqKITrPVil+RMWHsZH1eE1VGN0=",
        "owner": "nixos",
        "repo": "nixpkgs",
        "rev": "85f7e662eda4fa3a995556527c87b2524b691933",
        "type": "github"
      },
      "original": {
        "owner": "nixos",
        "ref": "nixpkgs-unstable",
        "repo": "nixpkgs",
        "type": "github"
      }
    },
    "root": {
      "inputs": {
        "nixos-24-05": "nixos-24-05",
        "nixpkgs": "nixpkgs"
      }
    }
  },
  "root": "root",
  "version": 7
}
